{
  "nodes": {
    "autoconfig": {
      "flake": false,
      "locked": {
        "lastModified": 1757930665,
        "narHash": "sha256-6fD1BwA5zuM38rvYn7EHSkJQc7BpsHxUBMwVueMoch4=",
        "owner": "thunderbird",
        "repo": "autoconfig",
        "rev": "c2bf7ddd3b14e4964c59a08d940cb374a1ff433d",
        "type": "github"
      },
      "original": {
        "owner": "thunderbird",
        "ref": "prod",
        "repo": "autoconfig",
        "type": "github"
      }
    },
    "nixpkgs": {
      "locked": {
        "lastModified": 1760878510,
        "narHash": "sha256-K5Osef2qexezUfs0alLvZ7nQFTGS9DL2oTVsIXsqLgs=",
        "owner": "nixos",
        "repo": "nixpkgs",
        "rev": "5e2a59a5b1a82f89f2c7e598302a9cacebb72a67",
        "type": "github"
      },
      "original": {
        "owner": "nixos",
        "ref": "nixos-unstable",
        "repo": "nixpkgs",
        "type": "github"
      }
    },
    "phoenix": {
      "flake": false,
      "locked": {
        "lastModified": 1760549742,
        "narHash": "sha256-xK9/E/QseE+NtMGr9Nam3HL/BR+LhvSRoUedKTpdJzw=",
        "ref": "refs/heads/pages",
        "rev": "fef92d55ee713f0707826282631aa83c69f2a98e",
        "revCount": 2203,
        "type": "git",
        "url": "https://gitlab.com/celenityy/Phoenix"
      },
      "original": {
        "type": "git",
        "url": "https://gitlab.com/celenityy/Phoenix"
      }
    },
    "root": {
      "inputs": {
        "autoconfig": "autoconfig",
        "nixpkgs": "nixpkgs",
        "phoenix": "phoenix",
        "uBlock": "uBlock",
        "uBlockLicense": "uBlockLicense"
      }
    },
    "uBlock": {
      "flake": false,
      "locked": {
        "narHash": "sha256-apTUnEFKtlJ8IN3P6qyR7oTt1PEKqgrRsqnYb0dY0bI=",
        "type": "file",
        "url": "https://github.com/celenityy/uBlock/releases/download/1.67.0/uBlock0_1.67.0.thunderbird.xpi"
      },
      "original": {
        "type": "file",
        "url": "https://github.com/celenityy/uBlock/releases/download/1.67.0/uBlock0_1.67.0.thunderbird.xpi"
      }
    },
    "uBlockLicense": {
      "flake": false,
      "locked": {
        "narHash": "sha256-71NFmXtf5LPg5MDrW6Tzz+rrdMGXzWGEZo1zBtfx9r8=",
        "type": "file",
        "url": "https://github.com/celenityy/uBlock/raw/refs/heads/1.67.0/LICENSE.txt"
      },
      "original": {
        "type": "file",
        "url": "https://github.com/celenityy/uBlock/raw/refs/heads/1.67.0/LICENSE.txt"
      }
    }
  },
  "root": "root",
  "version": 7
}
